
Microsoft Visual Studio Solution File, Format Version 12.00
# Visual Studio 2013
VisualStudioVersion = 12.0.21005.1
MinimumVisualStudioVersion = 10.0.40219.1
Project("{E24C65DC-7377-472B-9ABA-BC803B73C61A}") = "CPatersonWebsite(1)", "http://localhost:57528", "{2286E9B6-234F-40EE-8985-C6E5F402D0DD}"
	ProjectSection(WebsiteProperties) = preProject
		UseIISExpress = "true"
		TargetFrameworkMoniker = ".NETFramework,Version%3Dv4.0"
		Debug.AspNetCompiler.VirtualPath = "/localhost_57528"
		Debug.AspNetCompiler.PhysicalPath = "..\CPatersonWebsite\"
		Debug.AspNetCompiler.TargetPath = "PrecompiledWeb\localhost_57528\"
		Debug.AspNetCompiler.Updateable = "true"
		Debug.AspNetCompiler.ForceOverwrite = "true"
		Debug.AspNetCompiler.FixedNames = "false"
		Debug.AspNetCompiler.Debug = "True"
		Release.AspNetCompiler.VirtualPath = "/localhost_57528"
		Release.AspNetCompiler.PhysicalPath = "..\CPatersonWebsite\"
		Release.AspNetCompiler.TargetPath = "PrecompiledWeb\localhost_57528\"
		Release.AspNetCompiler.Updateable = "true"
		Release.AspNetCompiler.ForceOverwrite = "true"
		Release.AspNetCompiler.FixedNames = "false"
		Release.AspNetCompiler.Debug = "False"
		SlnRelativePath = "..\CPatersonWebsite\"
	EndProjectSection
EndProject
Global
	GlobalSection(SolutionConfigurationPlatforms) = preSolution
		Debug|Any CPU = Debug|Any CPU
	EndGlobalSection
	GlobalSection(ProjectConfigurationPlatforms) = postSolution
		{2286E9B6-234F-40EE-8985-C6E5F402D0DD}.Debug|Any CPU.ActiveCfg = Debug|Any CPU
		{2286E9B6-234F-40EE-8985-C6E5F402D0DD}.Debug|Any CPU.Build.0 = Debug|Any CPU
	EndGlobalSection
	GlobalSection(SolutionProperties) = preSolution
		HideSolutionNode = FALSE
	EndGlobalSection
EndGlobal
